
Microsoft Visual Studio Solution File, Format Version 12.00
# Visual Studio Version 16
VisualStudioVersion = 16.0.31624.102
MinimumVisualStudioVersion = 10.0.40219.1
Project("{9A19103F-16F7-4668-BE54-9A1E7A4F7556}") = "MHA Deck Builder", "MHA Deck Builder\MHA Deck Builder.csproj", "{9146E367-1B63-418F-8553-6F06D9E5E69F}"
EndProject
Global
	GlobalSection(SolutionConfigurationPlatforms) = preSolution
		Debug|Any CPU = Debug|Any CPU
		Release|Any CPU = Release|Any CPU
	EndGlobalSection
	GlobalSection(ProjectConfigurationPlatforms) = postSolution
		{9146E367-1B63-418F-8553-6F06D9E5E69F}.Debug|Any CPU.ActiveCfg = Debug|Any CPU
		{9146E367-1B63-418F-8553-6F06D9E5E69F}.Debug|Any CPU.Build.0 = Debug|Any CPU
		{9146E367-1B63-418F-8553-6F06D9E5E69F}.Release|Any CPU.ActiveCfg = Release|Any CPU
		{9146E367-1B63-418F-8553-6F06D9E5E69F}.Release|Any CPU.Build.0 = Release|Any CPU
	EndGlobalSection
	GlobalSection(SolutionProperties) = preSolution
		HideSolutionNode = FALSE
	EndGlobalSection
	GlobalSection(ExtensibilityGlobals) = postSolution
		SolutionGuid = {6D6EA93E-15B8-498A-8A98-053954F1D652}
	EndGlobalSection
EndGlobal
